
Microsoft Visual Studio Solution File, Format Version 12.00
# Visual Studio 2013
VisualStudioVersion = 12.0.21005.1
MinimumVisualStudioVersion = 10.0.40219.1
Project("{8BC9CEB8-8B4A-11D0-8D11-00A0C91BC942}") = "27", "27\27.vcxproj", "{675EF81C-4FD1-436A-92B8-A3A668D43104}"
EndProject
Global
	GlobalSection(SolutionConfigurationPlatforms) = preSolution
		Debug|Win32 = Debug|Win32
		Release|Win32 = Release|Win32
	EndGlobalSection
	GlobalSection(ProjectConfigurationPlatforms) = postSolution
		{675EF81C-4FD1-436A-92B8-A3A668D43104}.Debug|Win32.ActiveCfg = Debug|Win32
		{675EF81C-4FD1-436A-92B8-A3A668D43104}.Debug|Win32.Build.0 = Debug|Win32
		{675EF81C-4FD1-436A-92B8-A3A668D43104}.Release|Win32.ActiveCfg = Release|Win32
		{675EF81C-4FD1-436A-92B8-A3A668D43104}.Release|Win32.Build.0 = Release|Win32
	EndGlobalSection
	GlobalSection(SolutionProperties) = preSolution
		HideSolutionNode = FALSE
	EndGlobalSection
EndGlobal
